// !$*UTF8*$!
{
	archiveVersion = 1;
	classes = {
	};
	objectVersion = 77;
	objects = {

/* Begin PBXContainerItemProxy section */
		FFAFDC332E73A749005C1ED0 /* PBXContainerItemProxy */ = {
			isa = PBXContainerItemProxy;
			containerPortal = FFAFDC1D2E73A747005C1ED0 /* Project object */;
			proxyType = 1;
			remoteGlobalIDString = FFAFDC242E73A747005C1ED0;
			remoteInfo = SWIFT_Testing;
		};
		FFAFDC3D2E73A749005C1ED0 /* PBXContainerItemProxy */ = {
			isa = PBXContainerItemProxy;
			containerPortal = FFAFDC1D2E73A747005C1ED0 /* Project object */;
			proxyType = 1;
			remoteGlobalIDString = FFAFDC242E73A747005C1ED0;
			remoteInfo = SWIFT_Testing;
		};
/* End PBXContainerItemProxy section */

/* Begin PBXFileReference section */
		FFAFDC252E73A747005C1ED0 /* SWIFT_Testing.app */ = {isa = PBXFileReference; explicitFileType = wrapper.application; includeInIndex = 0; path = SWIFT_Testing.app; sourceTree = BUILT_PRODUCTS_DIR; };
		FFAFDC322E73A749005C1ED0 /* SWIFT_TestingTests.xctest */ = {isa = PBXFileReference; explicitFileType = wrapper.cfbundle; includeInIndex = 0; path = SWIFT_TestingTests.xctest; sourceTree = BUILT_PRODUCTS_DIR; };
		FFAFDC3C2E73A749005C1ED0 /* SWIFT_TestingUITests.xctest */ = {isa = PBXFileReference; explicitFileType = wrapper.cfbundle; includeInIndex = 0; path = SWIFT_TestingUITests.xctest; sourceTree = BUILT_PRODUCTS_DIR; };
/* End PBXFileReference section */

/* Begin PBXFileSystemSynchronizedRootGroup section */
		FFAFDC272E73A747005C1ED0 /* SWIFT_Testing */ = {
			isa = PBXFileSystemSynchronizedRootGroup;
			path = SWIFT_Testing;
			sourceTree = "<group>";
		};
		FFAFDC352E73A749005C1ED0 /* SWIFT_TestingTests */ = {
			isa = PBXFileSystemSynchronizedRootGroup;
			path = SWIFT_TestingTests;
			sourceTree = "<group>";
		};
		FFAFDC3F2E73A749005C1ED0 /* SWIFT_TestingUITests */ = {
			isa = PBXFileSystemSynchronizedRootGroup;
			path = SWIFT_TestingUITests;
			sourceTree = "<group>";
		};
/* End PBXFileSystemSynchronizedRootGroup section */

/* Begin PBXFrameworksBuildPhase section */
		FFAFDC222E73A747005C1ED0 /* Frameworks */ = {
			isa = PBXFrameworksBuildPhase;
			buildActionMask = 2147483647;
			files = (
			);
			runOnlyForDeploymentPostprocessing = 0;
		};
		FFAFDC2F2E73A749005C1ED0 /* Frameworks */ = {
			isa = PBXFrameworksBuildPhase;
			buildActionMask = 2147483647;
			files = (
			);
			runOnlyForDeploymentPostprocessing = 0;
		};
		FFAFDC392E73A749005C1ED0 /* Frameworks */ = {
			isa = PBXFrameworksBuildPhase;
			buildActionMask = 2147483647;
			files = (
			);
			runOnlyForDeploymentPostprocessing = 0;
		};
/* End PBXFrameworksBuildPhase section */

/* Begin PBXGroup section */
		FFAFDC1C2E73A747005C1ED0 = {
			isa = PBXGroup;
			children = (
				FFAFDC272E73A747005C1ED0 /* SWIFT_Testing */,
				FFAFDC352E73A749005C1ED0 /* SWIFT_TestingTests */,
				FFAFDC3F2E73A749005C1ED0 /* SWIFT_TestingUITests */,
				FFAFDC262E73A747005C1ED0 /* Products */,
			);
			sourceTree = "<group>";
		};
		FFAFDC262E73A747005C1ED0 /* Products */ = {
			isa = PBXGroup;
			children = (
				FFAFDC252E73A747005C1ED0 /* SWIFT_Testing.app */,
				FFAFDC322E73A749005C1ED0 /* SWIFT_TestingTests.xctest */,
				FFAFDC3C2E73A749005C1ED0 /* SWIFT_TestingUITests.xctest */,
			);
			name = Products;
			sourceTree = "<group>";
		};
/* End PBXGroup section */

/* Begin PBXNativeTarget section */
		FFAFDC242E73A747005C1ED0 /* SWIFT_Testing */ = {
			isa = PBXNativeTarget;
			buildConfigurationList = FFAFDC462E73A749005C1ED0 /* Build configuration list for PBXNativeTarget "SWIFT_Testing" */;
			buildPhases = (
				FFAFDC212E73A747005C1ED0 /* Sources */,
				FFAFDC222E73A747005C1ED0 /* Frameworks */,
				FFAFDC232E73A747005C1ED0 /* Resources */,
			);
			buildRules = (
			);
			dependencies = (
			);
			fileSystemSynchronizedGroups = (
				FFAFDC272E73A747005C1ED0 /* SWIFT_Testing */,
			);
			name = SWIFT_Testing;
			packageProductDependencies = (
			);
			productName = SWIFT_Testing;
			productReference = FFAFDC252E73A747005C1ED0 /* SWIFT_Testing.app */;
			productType = "com.apple.product-type.application";
		};
		FFAFDC312E73A749005C1ED0 /* SWIFT_TestingTests */ = {
			isa = PBXNativeTarget;
			buildConfigurationList = FFAFDC492E73A749005C1ED0 /* Build configuration list for PBXNativeTarget "SWIFT_TestingTests" */;
			buildPhases = (
				FFAFDC2E2E73A749005C1ED0 /* Sources */,
				FFAFDC2F2E73A749005C1ED0 /* Frameworks */,
				FFAFDC302E73A749005C1ED0 /* Resources */,
			);
			buildRules = (
			);
			dependencies = (
				FFAFDC342E73A749005C1ED0 /* PBXTargetDependency */,
			);
			fileSystemSynchronizedGroups = (
				FFAFDC352E73A749005C1ED0 /* SWIFT_TestingTests */,
			);
			name = SWIFT_TestingTests;
			packageProductDependencies = (
			);
			productName = SWIFT_TestingTests;
			productReference = FFAFDC322E73A749005C1ED0 /* SWIFT_TestingTests.xctest */;
			productType = "com.apple.product-type.bundle.unit-test";
		};
		FFAFDC3B2E73A749005C1ED0 /* SWIFT_TestingUITests */ = {
			isa = PBXNativeTarget;
			buildConfigurationList = FFAFDC4C2E73A749005C1ED0 /* Build configuration list for PBXNativeTarget "SWIFT_TestingUITests" */;
			buildPhases = (
				FFAFDC382E73A749005C1ED0 /* Sources */,
				FFAFDC392E73A749005C1ED0 /* Frameworks */,
				FFAFDC3A2E73A749005C1ED0 /* Resources */,
			);
			buildRules = (
			);
			dependencies = (
				FFAFDC3E2E73A749005C1ED0 /* PBXTargetDependency */,
			);
			fileSystemSynchronizedGroups = (
				FFAFDC3F2E73A749005C1ED0 /* SWIFT_TestingUITests */,
			);
			name = SWIFT_TestingUITests;
			packageProductDependencies = (
			);
			productName = SWIFT_TestingUITests;
			productReference = FFAFDC3C2E73A749005C1ED0 /* SWIFT_TestingUITests.xctest */;
			productType = "com.apple.product-type.bundle.ui-testing";
		};
/* End PBXNativeTarget section */

/* Begin PBXProject section */
		FFAFDC1D2E73A747005C1ED0 /* Project object */ = {
			isa = PBXProject;
			attributes = {
				BuildIndependentTargetsInParallel = 1;
				LastSwiftUpdateCheck = 1640;
				LastUpgradeCheck = 1640;
				TargetAttributes = {
					FFAFDC242E73A747005C1ED0 = {
						CreatedOnToolsVersion = 16.4;
					};
					FFAFDC312E73A749005C1ED0 = {
						CreatedOnToolsVersion = 16.4;
						TestTargetID = FFAFDC242E73A747005C1ED0;
					};
					FFAFDC3B2E73A749005C1ED0 = {
						CreatedOnToolsVersion = 16.4;
						TestTargetID = FFAFDC242E73A747005C1ED0;
					};
				};
			};
			buildConfigurationList = FFAFDC202E73A747005C1ED0 /* Build configuration list for PBXProject "SWIFT_Testing" */;
			developmentRegion = en;
			hasScannedForEncodings = 0;
			knownRegions = (
				en,
				Base,
			);
			mainGroup = FFAFDC1C2E73A747005C1ED0;
			minimizedProjectReferenceProxies = 1;
			preferredProjectObjectVersion = 77;
			productRefGroup = FFAFDC262E73A747005C1ED0 /* Products */;
			projectDirPath = "";
			projectRoot = "";
			targets = (
				FFAFDC242E73A747005C1ED0 /* SWIFT_Testing */,
				FFAFDC312E73A749005C1ED0 /* SWIFT_TestingTests */,
				FFAFDC3B2E73A749005C1ED0 /* SWIFT_TestingUITests */,
			);
		};
/* End PBXProject section */

/* Begin PBXResourcesBuildPhase section */
		FFAFDC232E73A747005C1ED0 /* Resources */ = {
			isa = PBXResourcesBuildPhase;
			buildActionMask = 2147483647;
			files = (
			);
			runOnlyForDeploymentPostprocessing = 0;
		};
		FFAFDC302E73A749005C1ED0 /* Resources */ = {
			isa = PBXResourcesBuildPhase;
			buildActionMask = 2147483647;
			files = (
			);
			runOnlyForDeploymentPostprocessing = 0;
		};
		FFAFDC3A2E73A749005C1ED0 /* Resources */ = {
			isa = PBXResourcesBuildPhase;
			buildActionMask = 2147483647;
			files = (
			);
			runOnlyForDeploymentPostprocessing = 0;
		};
/* End PBXResourcesBuildPhase section */

/* Begin PBXSourcesBuildPhase section */
		FFAFDC212E73A747005C1ED0 /* Sources */ = {
			isa = PBXSourcesBuildPhase;
			buildActionMask = 2147483647;
			files = (
			);
			runOnlyForDeploymentPostprocessing = 0;
		};
		FFAFDC2E2E73A749005C1ED0 /* Sources */ = {
			isa = PBXSourcesBuildPhase;
			buildActionMask = 2147483647;
			files = (
			);
			runOnlyForDeploymentPostprocessing = 0;
		};
		FFAFDC382E73A749005C1ED0 /* Sources */ = {
			isa = PBXSourcesBuildPhase;
			buildActionMask = 2147483647;
			files = (
			);
			runOnlyForDeploymentPostprocessing = 0;
		};
/* End PBXSourcesBuildPhase section */

/* Begin PBXTargetDependency section */
		FFAFDC342E73A749005C1ED0 /* PBXTargetDependency */ = {
			isa = PBXTargetDependency;
			target = FFAFDC242E73A747005C1ED0 /* SWIFT_Testing */;
			targetProxy = FFAFDC332E73A749005C1ED0 /* PBXContainerItemProxy */;
		};
		FFAFDC3E2E73A749005C1ED0 /* PBXTargetDependency */ = {
			isa = PBXTargetDependency;
			target = FFAFDC242E73A747005C1ED0 /* SWIFT_Testing */;
			targetProxy = FFAFDC3D2E73A749005C1ED0 /* PBXContainerItemProxy */;
		};
/* End PBXTargetDependency section */

/* Begin XCBuildConfiguration section */
		FFAFDC442E73A749005C1ED0 /* Debug */ = {
			isa = XCBuildConfiguration;
			buildSettings = {
				ALWAYS_SEARCH_USER_PATHS = NO;
				ASSETCATALOG_COMPILER_GENERATE_SWIFT_ASSET_SYMBOL_EXTENSIONS = YES;
				CLANG_ANALYZER_NONNULL = YES;
				CLANG_ANALYZER_NUMBER_OBJECT_CONVERSION = YES_AGGRESSIVE;
				CLANG_CXX_LANGUAGE_STANDARD = "gnu++20";
				CLANG_ENABLE_MODULES = YES;
				CLANG_ENABLE_OBJC_ARC = YES;
				CLANG_ENABLE_OBJC_WEAK = YES;
				CLANG_WARN_BLOCK_CAPTURE_AUTORELEASING = YES;
				CLANG_WARN_BOOL_CONVERSION = YES;
				CLANG_WARN_COMMA = YES;
				CLANG_WARN_CONSTANT_CONVERSION = YES;
				CLANG_WARN_DEPRECATED_OBJC_IMPLEMENTATIONS = YES;
				CLANG_WARN_DIRECT_OBJC_ISA_USAGE = YES_ERROR;
				CLANG_WARN_DOCUMENTATION_COMMENTS = YES;
				CLANG_WARN_EMPTY_BODY = YES;
				CLANG_WARN_ENUM_CONVERSION = YES;
				CLANG_WARN_INFINITE_RECURSION = YES;
				CLANG_WARN_INT_CONVERSION = YES;
				CLANG_WARN_NON_LITERAL_NULL_CONVERSION = YES;
				CLANG_WARN_OBJC_IMPLICIT_RETAIN_SELF = YES;
				CLANG_WARN_OBJC_LITERAL_CONVERSION = YES;
				CLANG_WARN_OBJC_ROOT_CLASS = YES_ERROR;
				CLANG_WARN_QUOTED_INCLUDE_IN_FRAMEWORK_HEADER = YES;
				CLANG_WARN_RANGE_LOOP_ANALYSIS = YES;
				CLANG_WARN_STRICT_PROTOTYPES = YES;
				CLANG_WARN_SUSPICIOUS_MOVE = YES;
				CLANG_WARN_UNGUARDED_AVAILABILITY = YES_AGGRESSIVE;
				CLANG_WARN_UNREACHABLE_CODE = YES;
				CLANG_WARN__DUPLICATE_METHOD_MATCH = YES;
				COPY_PHASE_STRIP = NO;
				DEBUG_INFORMATION_FORMAT = dwarf;
				DEVELOPMENT_TEAM = 6V8879W55Z;
				ENABLE_STRICT_OBJC_MSGSEND = YES;
				ENABLE_TESTABILITY = YES;
				ENABLE_USER_SCRIPT_SANDBOXING = YES;
				GCC_C_LANGUAGE_STANDARD = gnu17;
				GCC_DYNAMIC_NO_PIC = NO;
				GCC_NO_COMMON_BLOCKS = YES;
				GCC_OPTIMIZATION_LEVEL = 0;
				GCC_PREPROCESSOR_DEFINITIONS = (
					"DEBUG=1",
					"$(inherited)",
				);
				GCC_WARN_64_TO_32_BIT_CONVERSION = YES;
				GCC_WARN_ABOUT_RETURN_TYPE = YES_ERROR;
				GCC_WARN_UNDECLARED_SELECTOR = YES;
				GCC_WARN_UNINITIALIZED_AUTOS = YES_AGGRESSIVE;
				GCC_WARN_UNUSED_FUNCTION = YES;
				GCC_WARN_UNUSED_VARIABLE = YES;
				IPHONEOS_DEPLOYMENT_TARGET = 18.5;
				LOCALIZATION_PREFERS_STRING_CATALOGS = YES;
				MTL_ENABLE_DEBUG_INFO = INCLUDE_SOURCE;
				MTL_FAST_MATH = YES;
				ONLY_ACTIVE_ARCH = YES;
				SDKROOT = iphoneos;
				SWIFT_ACTIVE_COMPILATION_CONDITIONS = "DEBUG $(inherited)";
				SWIFT_OPTIMIZATION_LEVEL = "-Onone";
			};
			name = Debug;
		};
		FFAFDC452E73A749005C1ED0 /* Release */ = {
			isa = XCBuildConfiguration;
			buildSettings = {
				ALWAYS_SEARCH_USER_PATHS = NO;
				ASSETCATALOG_COMPILER_GENERATE_SWIFT_ASSET_SYMBOL_EXTENSIONS = YES;
				CLANG_ANALYZER_NONNULL = YES;
				CLANG_ANALYZER_NUMBER_OBJECT_CONVERSION = YES_AGGRESSIVE;
				CLANG_CXX_LANGUAGE_STANDARD = "gnu++20";
				CLANG_ENABLE_MODULES = YES;
				CLANG_ENABLE_OBJC_ARC = YES;
				CLANG_ENABLE_OBJC_WEAK = YES;
				CLANG_WARN_BLOCK_CAPTURE_AUTORELEASING = YES;
				CLANG_WARN_BOOL_CONVERSION = YES;
				CLANG_WARN_COMMA = YES;
				CLANG_WARN_CONSTANT_CONVERSION = YES;
				CLANG_WARN_DEPRECATED_OBJC_IMPLEMENTATIONS = YES;
				CLANG_WARN_DIRECT_OBJC_ISA_USAGE = YES_ERROR;
				CLANG_WARN_DOCUMENTATION_COMMENTS = YES;
				CLANG_WARN_EMPTY_BODY = YES;
				CLANG_WARN_ENUM_CONVERSION = YES;
				CLANG_WARN_INFINITE_RECURSION = YES;
				CLANG_WARN_INT_CONVERSION = YES;
				CLANG_WARN_NON_LITERAL_NULL_CONVERSION = YES;
				CLANG_WARN_OBJC_IMPLICIT_RETAIN_SELF = YES;
				CLANG_WARN_OBJC_LITERAL_CONVERSION = YES;
				CLANG_WARN_OBJC_ROOT_CLASS = YES_ERROR;
				CLANG_WARN_QUOTED_INCLUDE_IN_FRAMEWORK_HEADER = YES;
				CLANG_WARN_RANGE_LOOP_ANALYSIS = YES;
				CLANG_WARN_STRICT_PROTOTYPES = YES;
				CLANG_WARN_SUSPICIOUS_MOVE = YES;
				CLANG_WARN_UNGUARDED_AVAILABILITY = YES_AGGRESSIVE;
				CLANG_WARN_UNREACHABLE_CODE = YES;
				CLANG_WARN__DUPLICATE_METHOD_MATCH = YES;
				COPY_PHASE_STRIP = NO;
				DEBUG_INFORMATION_FORMAT = "dwarf-with-dsym";
				DEVELOPMENT_TEAM = 6V8879W55Z;
				ENABLE_NS_ASSERTIONS = NO;
				ENABLE_STRICT_OBJC_MSGSEND = YES;
				ENABLE_USER_SCRIPT_SANDBOXING = YES;
				GCC_C_LANGUAGE_STANDARD = gnu17;
				GCC_NO_COMMON_BLOCKS = YES;
				GCC_WARN_64_TO_32_BIT_CONVERSION = YES;
				GCC_WARN_ABOUT_RETURN_TYPE = YES_ERROR;
				GCC_WARN_UNDECLARED_SELECTOR = YES;
				GCC_WARN_UNINITIALIZED_AUTOS = YES_AGGRESSIVE;
				GCC_WARN_UNUSED_FUNCTION = YES;
				GCC_WARN_UNUSED_VARIABLE = YES;
				IPHONEOS_DEPLOYMENT_TARGET = 18.5;
				LOCALIZATION_PREFERS_STRING_CATALOGS = YES;
				MTL_ENABLE_DEBUG_INFO = NO;
				MTL_FAST_MATH = YES;
				SDKROOT = iphoneos;
				SWIFT_COMPILATION_MODE = wholemodule;
				VALIDATE_PRODUCT = YES;
			};
			name = Release;
		};
		FFAFDC472E73A749005C1ED0 /* Debug */ = {
			isa = XCBuildConfiguration;
			buildSettings = {
				ASSETCATALOG_COMPILER_APPICON_NAME = AppIcon;
				ASSETCATALOG_COMPILER_GLOBAL_ACCENT_COLOR_NAME = AccentColor;
				CODE_SIGN_STYLE = Automatic;
				CURRENT_PROJECT_VERSION = 1;
				DEVELOPMENT_TEAM = 6V8879W55Z;
				ENABLE_PREVIEWS = YES;
				GENERATE_INFOPLIST_FILE = YES;
				INFOPLIST_KEY_UIApplicationSceneManifest_Generation = YES;
				INFOPLIST_KEY_UIApplicationSupportsIndirectInputEvents = YES;
				INFOPLIST_KEY_UILaunchScreen_Generation = YES;
				INFOPLIST_KEY_UISupportedInterfaceOrientations_iPad = "UIInterfaceOrientationPortrait UIInterfaceOrientationPortraitUpsideDown UIInterfaceOrientationLandscapeLeft UIInterfaceOrientationLandscapeRight";
				INFOPLIST_KEY_UISupportedInterfaceOrientations_iPhone = "UIInterfaceOrientationPortrait UIInterfaceOrientationLandscapeLeft UIInterfaceOrientationLandscapeRight";
				LD_RUNPATH_SEARCH_PATHS = (
					"$(inherited)",
					"@executable_path/Frameworks",
				);
				MARKETING_VERSION = 1.0;
				PRODUCT_BUNDLE_IDENTIFIER = "com.yslee.SWIFT-Testing";
				PRODUCT_NAME = "$(TARGET_NAME)";
				SWIFT_EMIT_LOC_STRINGS = YES;
				SWIFT_VERSION = 5.0;
				TARGETED_DEVICE_FAMILY = "1,2";
			};
			name = Debug;
		};
		FFAFDC482E73A749005C1ED0 /* Release */ = {
			isa = XCBuildConfiguration;
			buildSettings = {
				ASSETCATALOG_COMPILER_APPICON_NAME = AppIcon;
				ASSETCATALOG_COMPILER_GLOBAL_ACCENT_COLOR_NAME = AccentColor;
				CODE_SIGN_STYLE = Automatic;
				CURRENT_PROJECT_VERSION = 1;
				DEVELOPMENT_TEAM = 6V8879W55Z;
				ENABLE_PREVIEWS = YES;
				GENERATE_INFOPLIST_FILE = YES;
				INFOPLIST_KEY_UIApplicationSceneManifest_Generation = YES;
				INFOPLIST_KEY_UIApplicationSupportsIndirectInputEvents = YES;
				INFOPLIST_KEY_UILaunchScreen_Generation = YES;
				INFOPLIST_KEY_UISupportedInterfaceOrientations_iPad = "UIInterfaceOrientationPortrait UIInterfaceOrientationPortraitUpsideDown UIInterfaceOrientationLandscapeLeft UIInterfaceOrientationLandscapeRight";
				INFOPLIST_KEY_UISupportedInterfaceOrientations_iPhone = "UIInterfaceOrientationPortrait UIInterfaceOrientationLandscapeLeft UIInterfaceOrientationLandscapeRight";
				LD_RUNPATH_SEARCH_PATHS = (
					"$(inherited)",
					"@executable_path/Frameworks",
				);
				MARKETING_VERSION = 1.0;
				PRODUCT_BUNDLE_IDENTIFIER = "com.yslee.SWIFT-Testing";
				PRODUCT_NAME = "$(TARGET_NAME)";
				SWIFT_EMIT_LOC_STRINGS = YES;
				SWIFT_VERSION = 5.0;
				TARGETED_DEVICE_FAMILY = "1,2";
			};
			name = Release;
		};
		FFAFDC4A2E73A749005C1ED0 /* Debug */ = {
			isa = XCBuildConfiguration;
			buildSettings = {
				BUNDLE_LOADER = "$(TEST_HOST)";
				CODE_SIGN_STYLE = Automatic;
				CURRENT_PROJECT_VERSION = 1;
				DEVELOPMENT_TEAM = 6V8879W55Z;
				GENERATE_INFOPLIST_FILE = YES;
				IPHONEOS_DEPLOYMENT_TARGET = 18.5;
				MARKETING_VERSION = 1.0;
				PRODUCT_BUNDLE_IDENTIFIER = "com.yslee.SWIFT-TestingTests";
				PRODUCT_NAME = "$(TARGET_NAME)";
				SWIFT_EMIT_LOC_STRINGS = NO;
				SWIFT_VERSION = 5.0;
				TARGETED_DEVICE_FAMILY = "1,2";
				TEST_HOST = "$(BUILT_PRODUCTS_DIR)/SWIFT_Testing.app/$(BUNDLE_EXECUTABLE_FOLDER_PATH)/SWIFT_Testing";
			};
			name = Debug;
		};
		FFAFDC4B2E73A749005C1ED0 /* Release */ = {
			isa = XCBuildConfiguration;
			buildSettings = {
				BUNDLE_LOADER = "$(TEST_HOST)";
				CODE_SIGN_STYLE = Automatic;
				CURRENT_PROJECT_VERSION = 1;
				DEVELOPMENT_TEAM = 6V8879W55Z;
				GENERATE_INFOPLIST_FILE = YES;
				IPHONEOS_DEPLOYMENT_TARGET = 18.5;
				MARKETING_VERSION = 1.0;
				PRODUCT_BUNDLE_IDENTIFIER = "com.yslee.SWIFT-TestingTests";
				PRODUCT_NAME = "$(TARGET_NAME)";
				SWIFT_EMIT_LOC_STRINGS = NO;
				SWIFT_VERSION = 5.0;
				TARGETED_DEVICE_FAMILY = "1,2";
				TEST_HOST = "$(BUILT_PRODUCTS_DIR)/SWIFT_Testing.app/$(BUNDLE_EXECUTABLE_FOLDER_PATH)/SWIFT_Testing";
			};
			name = Release;
		};
		FFAFDC4D2E73A749005C1ED0 /* Debug */ = {
			isa = XCBuildConfiguration;
			buildSettings = {
				CODE_SIGN_STYLE = Automatic;
				CURRENT_PROJECT_VERSION = 1;
				DEVELOPMENT_TEAM = 6V8879W55Z;
				GENERATE_INFOPLIST_FILE = YES;
				MARKETING_VERSION = 1.0;
				PRODUCT_BUNDLE_IDENTIFIER = "com.yslee.SWIFT-TestingUITests";
				PRODUCT_NAME = "$(TARGET_NAME)";
				SWIFT_EMIT_LOC_STRINGS = NO;
				SWIFT_VERSION = 5.0;
				TARGETED_DEVICE_FAMILY = "1,2";
				TEST_TARGET_NAME = SWIFT_Testing;
			};
			name = Debug;
		};
		FFAFDC4E2E73A749005C1ED0 /* Release */ = {
			isa = XCBuildConfiguration;
			buildSettings = {
				CODE_SIGN_STYLE = Automatic;
				CURRENT_PROJECT_VERSION = 1;
				DEVELOPMENT_TEAM = 6V8879W55Z;
				GENERATE_INFOPLIST_FILE = YES;
				MARKETING_VERSION = 1.0;
				PRODUCT_BUNDLE_IDENTIFIER = "com.yslee.SWIFT-TestingUITests";
				PRODUCT_NAME = "$(TARGET_NAME)";
				SWIFT_EMIT_LOC_STRINGS = NO;
				SWIFT_VERSION = 5.0;
				TARGETED_DEVICE_FAMILY = "1,2";
				TEST_TARGET_NAME = SWIFT_Testing;
			};
			name = Release;
		};
/* End XCBuildConfiguration section */

/* Begin XCConfigurationList section */
		FFAFDC202E73A747005C1ED0 /* Build configuration list for PBXProject "SWIFT_Testing" */ = {
			isa = XCConfigurationList;
			buildConfigurations = (
				FFAFDC442E73A749005C1ED0 /* Debug */,
				FFAFDC452E73A749005C1ED0 /* Release */,
			);
			defaultConfigurationIsVisible = 0;
			defaultConfigurationName = Release;
		};
		FFAFDC462E73A749005C1ED0 /* Build configuration list for PBXNativeTarget "SWIFT_Testing" */ = {
			isa = XCConfigurationList;
			buildConfigurations = (
				FFAFDC472E73A749005C1ED0 /* Debug */,
				FFAFDC482E73A749005C1ED0 /* Release */,
			);
			defaultConfigurationIsVisible = 0;
			defaultConfigurationName = Release;
		};
		FFAFDC492E73A749005C1ED0 /* Build configuration list for PBXNativeTarget "SWIFT_TestingTests" */ = {
			isa = XCConfigurationList;
			buildConfigurations = (
				FFAFDC4A2E73A749005C1ED0 /* Debug */,
				FFAFDC4B2E73A749005C1ED0 /* Release */,
			);
			defaultConfigurationIsVisible = 0;
			defaultConfigurationName = Release;
		};
		FFAFDC4C2E73A749005C1ED0 /* Build configuration list for PBXNativeTarget "SWIFT_TestingUITests" */ = {
			isa = XCConfigurationList;
			buildConfigurations = (
				FFAFDC4D2E73A749005C1ED0 /* Debug */,
				FFAFDC4E2E73A749005C1ED0 /* Release */,
			);
			defaultConfigurationIsVisible = 0;
			defaultConfigurationName = Release;
		};
/* End XCConfigurationList section */
	};
	rootObject = FFAFDC1D2E73A747005C1ED0 /* Project object */;
}
